{
  "name": "stocker-backend",
  "version": "1.0.0",
  "lockfileVersion": 1,
  "requires": true,
  "dependencies": {
    "node-fetch": {
      "version": "2.6.1",
      "resolved": "https://registry.npmjs.org/node-fetch/-/node-fetch-2.6.1.tgz",
      "integrity": "sha512-V4aYg89jEoVRxRb2fJdAg8FHvI7cEyYdVAh94HH0UIK8oJxUfkjlDQN9RbMx+bEjP7+ggMiFRprSti032Oipxw=="
    },
    "nse-indices": {
      "version": "0.0.3",
      "resolved": "https://registry.npmjs.org/nse-indices/-/nse-indices-0.0.3.tgz",
      "integrity": "sha512-AqOZ3PxfYEcH6P1v2yWYjr+MPZsbCf9XqpWT62ENp44sYkgPUf9jF3n4ewZCC+F1ua5jarWb+Y4bFfFOoy1c4g==",
      "requires": {
        "node-fetch": "^2.6.1"
      }
    }
  }
}
