{
  "name": "stocker-backend",
  "version": "1.0.0",
  "lockfileVersion": 1,
  "requires": true,
  "dependencies": {
    "node-fetch": {
      "version": "2.6.1",
      "resolved": "https://registry.npmjs.org/node-fetch/-/node-fetch-2.6.1.tgz",
      "integrity": "sha512-V4aYg89jEoVRxRb2fJdAg8FHvI7cEyYdVAh94HH0UIK8oJxUfkjlDQN9RbMx+bEjP7+ggMiFRprSti032Oipxw=="
    },
    "nse-indices": {
      "version": "0.0.2",
      "resolved": "https://registry.npmjs.org/nse-indices/-/nse-indices-0.0.2.tgz",
      "integrity": "sha512-nyuaN1iVvPgFLqEbGHVMI8lidU+w3ttckK0r3MnOCQJzxVOrzS+GuZHUC1p7MCCP7yOcoGAXOfH/CloTbKQZvQ==",
      "requires": {
        "node-fetch": "^2.6.1"
      },
      "dependencies": {
        "node-fetch": {
          "version": "2.6.1",
          "resolved": "https://registry.npmjs.org/node-fetch/-/node-fetch-2.6.1.tgz",
          "integrity": "sha512-V4aYg89jEoVRxRb2fJdAg8FHvI7cEyYdVAh94HH0UIK8oJxUfkjlDQN9RbMx+bEjP7+ggMiFRprSti032Oipxw=="
        }
      }
    }
  }
}
